
Microsoft Visual Studio Solution File, Format Version 12.00
# Visual Studio 15
VisualStudioVersion = 15.0.28307.421
MinimumVisualStudioVersion = 10.0.40219.1
Project("{888888A0-9F3D-457C-B088-3A5042F75D52}") = "DigitRecognition", "DigitRecognition\DigitRecognition.pyproj", "{0CA8E8F6-F5E0-4833-9E15-54A508F50E24}"
EndProject
Global
	GlobalSection(SolutionConfigurationPlatforms) = preSolution
		Debug|Any CPU = Debug|Any CPU
		Release|Any CPU = Release|Any CPU
	EndGlobalSection
	GlobalSection(ProjectConfigurationPlatforms) = postSolution
		{0CA8E8F6-F5E0-4833-9E15-54A508F50E24}.Debug|Any CPU.ActiveCfg = Debug|Any CPU
		{0CA8E8F6-F5E0-4833-9E15-54A508F50E24}.Release|Any CPU.ActiveCfg = Release|Any CPU
	EndGlobalSection
	GlobalSection(SolutionProperties) = preSolution
		HideSolutionNode = FALSE
	EndGlobalSection
	GlobalSection(ExtensibilityGlobals) = postSolution
		SolutionGuid = {05F9F1B5-68CA-4EA5-BC3B-F1EFA56811F3}
	EndGlobalSection
EndGlobal
